
Microsoft Visual Studio Solution File, Format Version 12.00
# Visual Studio Version 17
VisualStudioVersion = 17.10.34928.147
MinimumVisualStudioVersion = 10.0.40219.1
Project("{FAE04EC0-301F-11D3-BF4B-00C04F79EFBC}") = "PB303 API Intro", "PB303 API Intro\PB303 API Intro.csproj", "{54967255-6ECB-432B-8B19-B0CABDAF3272}"
EndProject
Global
	GlobalSection(SolutionConfigurationPlatforms) = preSolution
		Debug|Any CPU = Debug|Any CPU
		Release|Any CPU = Release|Any CPU
	EndGlobalSection
	GlobalSection(ProjectConfigurationPlatforms) = postSolution
		{54967255-6ECB-432B-8B19-B0CABDAF3272}.Debug|Any CPU.ActiveCfg = Debug|Any CPU
		{54967255-6ECB-432B-8B19-B0CABDAF3272}.Debug|Any CPU.Build.0 = Debug|Any CPU
		{54967255-6ECB-432B-8B19-B0CABDAF3272}.Release|Any CPU.ActiveCfg = Release|Any CPU
		{54967255-6ECB-432B-8B19-B0CABDAF3272}.Release|Any CPU.Build.0 = Release|Any CPU
	EndGlobalSection
	GlobalSection(SolutionProperties) = preSolution
		HideSolutionNode = FALSE
	EndGlobalSection
	GlobalSection(ExtensibilityGlobals) = postSolution
		SolutionGuid = {240508F5-F12B-408F-8FAD-FB024F09B360}
	EndGlobalSection
EndGlobal
